
Microsoft Visual Studio Solution File, Format Version 12.00
# Visual Studio 15
VisualStudioVersion = 15.0.33423.255
MinimumVisualStudioVersion = 10.0.40219.1
Project("{FAE04EC0-301F-11D3-BF4B-00C04F79EFBC}") = "TSPP_Lab_2_2(Var2)_2023", "TSPP_Lab_2_2(Var2)_2023\TSPP_Lab_2_2(Var2)_2023.csproj", "{45B91739-4DC2-45A5-BE3F-54CC0BB65AE7}"
EndProject
Global
	GlobalSection(SolutionConfigurationPlatforms) = preSolution
		Debug|Any CPU = Debug|Any CPU
		Release|Any CPU = Release|Any CPU
	EndGlobalSection
	GlobalSection(ProjectConfigurationPlatforms) = postSolution
		{45B91739-4DC2-45A5-BE3F-54CC0BB65AE7}.Debug|Any CPU.ActiveCfg = Debug|Any CPU
		{45B91739-4DC2-45A5-BE3F-54CC0BB65AE7}.Debug|Any CPU.Build.0 = Debug|Any CPU
		{45B91739-4DC2-45A5-BE3F-54CC0BB65AE7}.Release|Any CPU.ActiveCfg = Release|Any CPU
		{45B91739-4DC2-45A5-BE3F-54CC0BB65AE7}.Release|Any CPU.Build.0 = Release|Any CPU
	EndGlobalSection
	GlobalSection(SolutionProperties) = preSolution
		HideSolutionNode = FALSE
	EndGlobalSection
	GlobalSection(ExtensibilityGlobals) = postSolution
		SolutionGuid = {6BBD8658-A178-47B5-888A-6BA82BA4B624}
	EndGlobalSection
EndGlobal
